
Microsoft Visual Studio Solution File, Format Version 12.00
# Visual Studio Version 17
VisualStudioVersion = 17.1.32421.90
MinimumVisualStudioVersion = 10.0.40219.1
Project("{9A19103F-16F7-4668-BE54-9A1E7A4F7556}") = "WalkthroughApp-API", "WalkthroughApp-API\WalkthroughApp-API.csproj", "{A5EEEECD-B7AD-48F2-B913-2B9348BF08E3}"
EndProject
Project("{9A19103F-16F7-4668-BE54-9A1E7A4F7556}") = "WalkthroughApp-API.Tests", "WalkthroughApp-API.Tests\WalkthroughApp-API.Tests.csproj", "{0E7693C3-A2CA-4743-B6DC-30572FF8E6AC}"
EndProject
Global
	GlobalSection(SolutionConfigurationPlatforms) = preSolution
		Debug|Any CPU = Debug|Any CPU
		Release|Any CPU = Release|Any CPU
	EndGlobalSection
	GlobalSection(ProjectConfigurationPlatforms) = postSolution
		{A5EEEECD-B7AD-48F2-B913-2B9348BF08E3}.Debug|Any CPU.ActiveCfg = Debug|Any CPU
		{A5EEEECD-B7AD-48F2-B913-2B9348BF08E3}.Debug|Any CPU.Build.0 = Debug|Any CPU
		{A5EEEECD-B7AD-48F2-B913-2B9348BF08E3}.Release|Any CPU.ActiveCfg = Release|Any CPU
		{A5EEEECD-B7AD-48F2-B913-2B9348BF08E3}.Release|Any CPU.Build.0 = Release|Any CPU
		{0E7693C3-A2CA-4743-B6DC-30572FF8E6AC}.Debug|Any CPU.ActiveCfg = Debug|Any CPU
		{0E7693C3-A2CA-4743-B6DC-30572FF8E6AC}.Debug|Any CPU.Build.0 = Debug|Any CPU
		{0E7693C3-A2CA-4743-B6DC-30572FF8E6AC}.Release|Any CPU.ActiveCfg = Release|Any CPU
		{0E7693C3-A2CA-4743-B6DC-30572FF8E6AC}.Release|Any CPU.Build.0 = Release|Any CPU
	EndGlobalSection
	GlobalSection(SolutionProperties) = preSolution
		HideSolutionNode = FALSE
	EndGlobalSection
	GlobalSection(ExtensibilityGlobals) = postSolution
		SolutionGuid = {6448CBA2-7CB0-4DA1-AE9D-1766F65C70D0}
	EndGlobalSection
EndGlobal
